// !$*UTF8*$!
{
	archiveVersion = 1;
	classes = {
	};
	objectVersion = 48;
	objects = {

/* Begin PBXBuildFile section */
		2E63DD2BE58AD0E5D6A94E6E /* libPods-POIapp.a in Frameworks */ = {isa = PBXBuildFile; fileRef = 7BCD80552B918B5F3F7A2F76 /* libPods-POIapp.a */; };
		3800144A1F92900000A346F6 /* AppDelegate.m in Sources */ = {isa = PBXBuildFile; fileRef = 380014491F92900000A346F6 /* AppDelegate.m */; };
		380014501F92900000A346F6 /* Main.storyboard in Resources */ = {isa = PBXBuildFile; fileRef = 3800144E1F92900000A346F6 /* Main.storyboard */; };
		380014531F92900000A346F6 /* POIapp.xcdatamodeld in Sources */ = {isa = PBXBuildFile; fileRef = 380014511F92900000A346F6 /* POIapp.xcdatamodeld */; };
		380014551F92900000A346F6 /* Assets.xcassets in Resources */ = {isa = PBXBuildFile; fileRef = 380014541F92900000A346F6 /* Assets.xcassets */; };
		380014581F92900000A346F6 /* LaunchScreen.storyboard in Resources */ = {isa = PBXBuildFile; fileRef = 380014561F92900000A346F6 /* LaunchScreen.storyboard */; };
		3800145B1F92900000A346F6 /* main.m in Sources */ = {isa = PBXBuildFile; fileRef = 3800145A1F92900000A346F6 /* main.m */; };
		380014711F92977800A346F6 /* MyConstants.m in Sources */ = {isa = PBXBuildFile; fileRef = 3800146F1F92977700A346F6 /* MyConstants.m */; };
		380014741F92989900A346F6 /* LoginViewController.m in Sources */ = {isa = PBXBuildFile; fileRef = 380014731F92989900A346F6 /* LoginViewController.m */; };
		380014771F9298D700A346F6 /* RegistrationViewController.m in Sources */ = {isa = PBXBuildFile; fileRef = 380014761F9298D700A346F6 /* RegistrationViewController.m */; };
		3800147A1F92990F00A346F6 /* CategoryViewController.m in Sources */ = {isa = PBXBuildFile; fileRef = 380014791F92990F00A346F6 /* CategoryViewController.m */; };
		3800147D1F92991C00A346F6 /* PoiListViewController.m in Sources */ = {isa = PBXBuildFile; fileRef = 3800147C1F92991C00A346F6 /* PoiListViewController.m */; };
		380014801F92992700A346F6 /* POIDetailViewController.m in Sources */ = {isa = PBXBuildFile; fileRef = 3800147F1F92992700A346F6 /* POIDetailViewController.m */; };
		380014891F92A1E500A346F6 /* MainViewController.m in Sources */ = {isa = PBXBuildFile; fileRef = 380014881F92A1E400A346F6 /* MainViewController.m */; };
		3800148D1F92A89B00A346F6 /* CategoryCell.m in Sources */ = {isa = PBXBuildFile; fileRef = 3800148C1F92A89A00A346F6 /* CategoryCell.m */; };
		380014901F92A8B500A346F6 /* POICell.m in Sources */ = {isa = PBXBuildFile; fileRef = 3800148F1F92A8B500A346F6 /* POICell.m */; };
		387885CB1FC74F6A001CC281 /* Category.m in Sources */ = {isa = PBXBuildFile; fileRef = 387885CA1FC74F6A001CC281 /* Category.m */; };
		387885CE1FC74FB2001CC281 /* Poi.m in Sources */ = {isa = PBXBuildFile; fileRef = 387885CD1FC74FB2001CC281 /* Poi.m */; };
		387885D11FC74FE6001CC281 /* User.m in Sources */ = {isa = PBXBuildFile; fileRef = 387885D01FC74FE6001CC281 /* User.m */; };
		387885D41FC754BD001CC281 /* NSObject+GetDictionary.m in Sources */ = {isa = PBXBuildFile; fileRef = 387885D21FC754BC001CC281 /* NSObject+GetDictionary.m */; };
		387885D71FC756DE001CC281 /* JSONParser.m in Sources */ = {isa = PBXBuildFile; fileRef = 387885D61FC756DE001CC281 /* JSONParser.m */; };
		38C54F531F92AFD0003A2F19 /* FavoritesViewController.m in Sources */ = {isa = PBXBuildFile; fileRef = 38C54F521F92AFD0003A2F19 /* FavoritesViewController.m */; };
		38C54F561F92B16B003A2F19 /* ParentViewController.m in Sources */ = {isa = PBXBuildFile; fileRef = 38C54F541F92B16A003A2F19 /* ParentViewController.m */; };
		38C54F581F92B30D003A2F19 /* MapKit.framework in Frameworks */ = {isa = PBXBuildFile; fileRef = 38C54F571F92B30D003A2F19 /* MapKit.framework */; };
		38C54F621F92B80E003A2F19 /* ShadowView.m in Sources */ = {isa = PBXBuildFile; fileRef = 38C54F5A1F92B67B003A2F19 /* ShadowView.m */; };
		38C54F631F92B80E003A2F19 /* CenterAlignedImageButton.m in Sources */ = {isa = PBXBuildFile; fileRef = 380014851F92A0D400A346F6 /* CenterAlignedImageButton.m */; };
		38C54F641F92B80E003A2F19 /* UIView+Shadow.m in Sources */ = {isa = PBXBuildFile; fileRef = 38C54F5C1F92B78A003A2F19 /* UIView+Shadow.m */; };
		38C54F651F92B80E003A2F19 /* UIViewController+Alerts.m in Sources */ = {isa = PBXBuildFile; fileRef = 3800146E1F92971C00A346F6 /* UIViewController+Alerts.m */; };
		38C54F661F92B81C003A2F19 /* AccessTokenManager.m in Sources */ = {isa = PBXBuildFile; fileRef = 3800146B1F92970300A346F6 /* AccessTokenManager.m */; };
		38C54F671F92B81C003A2F19 /* NetworkManager.m in Sources */ = {isa = PBXBuildFile; fileRef = 380014681F9296F800A346F6 /* NetworkManager.m */; };
		38C54F681F92B81C003A2F19 /* PropertyUtil.m in Sources */ = {isa = PBXBuildFile; fileRef = 380014651F9296E000A346F6 /* PropertyUtil.m */; };
		38C54F6D1F92B8E9003A2F19 /* ErrorMessage.m in Sources */ = {isa = PBXBuildFile; fileRef = 38C54F6B1F92B8D0003A2F19 /* ErrorMessage.m */; };
/* End PBXBuildFile section */

/* Begin PBXFileReference section */
		380014451F92900000A346F6 /* POIapp.app */ = {isa = PBXFileReference; explicitFileType = wrapper.application; includeInIndex = 0; path = POIapp.app; sourceTree = BUILT_PRODUCTS_DIR; };
		380014481F92900000A346F6 /* AppDelegate.h */ = {isa = PBXFileReference; lastKnownFileType = sourcecode.c.h; path = AppDelegate.h; sourceTree = "<group>"; };
		380014491F92900000A346F6 /* AppDelegate.m */ = {isa = PBXFileReference; lastKnownFileType = sourcecode.c.objc; path = AppDelegate.m; sourceTree = "<group>"; };
		3800144F1F92900000A346F6 /* Base */ = {isa = PBXFileReference; lastKnownFileType = file.storyboard; name = Base; path = Base.lproj/Main.storyboard; sourceTree = "<group>"; };
		380014521F92900000A346F6 /* POIapp.xcdatamodel */ = {isa = PBXFileReference; lastKnownFileType = wrapper.xcdatamodel; path = POIapp.xcdatamodel; sourceTree = "<group>"; };
		380014541F92900000A346F6 /* Assets.xcassets */ = {isa = PBXFileReference; lastKnownFileType = folder.assetcatalog; path = Assets.xcassets; sourceTree = "<group>"; };
		380014571F92900000A346F6 /* Base */ = {isa = PBXFileReference; lastKnownFileType = file.storyboard; name = Base; path = Base.lproj/LaunchScreen.storyboard; sourceTree = "<group>"; };
		380014591F92900000A346F6 /* Info.plist */ = {isa = PBXFileReference; lastKnownFileType = text.plist.xml; path = Info.plist; sourceTree = "<group>"; };
		3800145A1F92900000A346F6 /* main.m */ = {isa = PBXFileReference; lastKnownFileType = sourcecode.c.objc; path = main.m; sourceTree = "<group>"; };
		380014641F9296E000A346F6 /* PropertyUtil.h */ = {isa = PBXFileReference; lastKnownFileType = sourcecode.c.h; path = PropertyUtil.h; sourceTree = "<group>"; };
		380014651F9296E000A346F6 /* PropertyUtil.m */ = {isa = PBXFileReference; lastKnownFileType = sourcecode.c.objc; path = PropertyUtil.m; sourceTree = "<group>"; };
		380014681F9296F800A346F6 /* NetworkManager.m */ = {isa = PBXFileReference; lastKnownFileType = sourcecode.c.objc; path = NetworkManager.m; sourceTree = "<group>"; };
		380014691F9296F800A346F6 /* NetworkManager.h */ = {isa = PBXFileReference; lastKnownFileType = sourcecode.c.h; path = NetworkManager.h; sourceTree = "<group>"; };
		3800146A1F92970300A346F6 /* AccessTokenManager.h */ = {isa = PBXFileReference; lastKnownFileType = sourcecode.c.h; path = AccessTokenManager.h; sourceTree = "<group>"; };
		3800146B1F92970300A346F6 /* AccessTokenManager.m */ = {isa = PBXFileReference; lastKnownFileType = sourcecode.c.objc; path = AccessTokenManager.m; sourceTree = "<group>"; };
		3800146D1F92971C00A346F6 /* UIViewController+Alerts.h */ = {isa = PBXFileReference; lastKnownFileType = sourcecode.c.h; path = "UIViewController+Alerts.h"; sourceTree = "<group>"; };
		3800146E1F92971C00A346F6 /* UIViewController+Alerts.m */ = {isa = PBXFileReference; lastKnownFileType = sourcecode.c.objc; path = "UIViewController+Alerts.m"; sourceTree = "<group>"; };
		3800146F1F92977700A346F6 /* MyConstants.m */ = {isa = PBXFileReference; lastKnownFileType = sourcecode.c.objc; path = MyConstants.m; sourceTree = "<group>"; };
		380014701F92977800A346F6 /* MyConstants.h */ = {isa = PBXFileReference; lastKnownFileType = sourcecode.c.h; path = MyConstants.h; sourceTree = "<group>"; };
		380014721F92989900A346F6 /* LoginViewController.h */ = {isa = PBXFileReference; lastKnownFileType = sourcecode.c.h; path = LoginViewController.h; sourceTree = "<group>"; };
		380014731F92989900A346F6 /* LoginViewController.m */ = {isa = PBXFileReference; lastKnownFileType = sourcecode.c.objc; path = LoginViewController.m; sourceTree = "<group>"; };
		380014751F9298D700A346F6 /* RegistrationViewController.h */ = {isa = PBXFileReference; lastKnownFileType = sourcecode.c.h; path = RegistrationViewController.h; sourceTree = "<group>"; };
		380014761F9298D700A346F6 /* RegistrationViewController.m */ = {isa = PBXFileReference; lastKnownFileType = sourcecode.c.objc; path = RegistrationViewController.m; sourceTree = "<group>"; };
		380014781F92990F00A346F6 /* CategoryViewController.h */ = {isa = PBXFileReference; lastKnownFileType = sourcecode.c.h; path = CategoryViewController.h; sourceTree = "<group>"; };
		380014791F92990F00A346F6 /* CategoryViewController.m */ = {isa = PBXFileReference; lastKnownFileType = sourcecode.c.objc; path = CategoryViewController.m; sourceTree = "<group>"; };
		3800147B1F92991C00A346F6 /* PoiListViewController.h */ = {isa = PBXFileReference; lastKnownFileType = sourcecode.c.h; path = PoiListViewController.h; sourceTree = "<group>"; };
		3800147C1F92991C00A346F6 /* PoiListViewController.m */ = {isa = PBXFileReference; lastKnownFileType = sourcecode.c.objc; path = PoiListViewController.m; sourceTree = "<group>"; };
		3800147E1F92992700A346F6 /* POIDetailViewController.h */ = {isa = PBXFileReference; lastKnownFileType = sourcecode.c.h; path = POIDetailViewController.h; sourceTree = "<group>"; };
		3800147F1F92992700A346F6 /* POIDetailViewController.m */ = {isa = PBXFileReference; lastKnownFileType = sourcecode.c.objc; path = POIDetailViewController.m; sourceTree = "<group>"; };
		380014851F92A0D400A346F6 /* CenterAlignedImageButton.m */ = {isa = PBXFileReference; lastKnownFileType = sourcecode.c.objc; path = CenterAlignedImageButton.m; sourceTree = "<group>"; };
		380014861F92A0D400A346F6 /* CenterAlignedImageButton.h */ = {isa = PBXFileReference; lastKnownFileType = sourcecode.c.h; path = CenterAlignedImageButton.h; sourceTree = "<group>"; };
		380014871F92A1E400A346F6 /* MainViewController.h */ = {isa = PBXFileReference; lastKnownFileType = sourcecode.c.h; path = MainViewController.h; sourceTree = "<group>"; };
		380014881F92A1E400A346F6 /* MainViewController.m */ = {isa = PBXFileReference; lastKnownFileType = sourcecode.c.objc; path = MainViewController.m; sourceTree = "<group>"; };
		3800148B1F92A89A00A346F6 /* CategoryCell.h */ = {isa = PBXFileReference; lastKnownFileType = sourcecode.c.h; path = CategoryCell.h; sourceTree = "<group>"; };
		3800148C1F92A89A00A346F6 /* CategoryCell.m */ = {isa = PBXFileReference; lastKnownFileType = sourcecode.c.objc; path = CategoryCell.m; sourceTree = "<group>"; };
		3800148E1F92A8B500A346F6 /* POICell.h */ = {isa = PBXFileReference; lastKnownFileType = sourcecode.c.h; path = POICell.h; sourceTree = "<group>"; };
		3800148F1F92A8B500A346F6 /* POICell.m */ = {isa = PBXFileReference; lastKnownFileType = sourcecode.c.objc; path = POICell.m; sourceTree = "<group>"; };
		387885C91FC74F6A001CC281 /* Category.h */ = {isa = PBXFileReference; lastKnownFileType = sourcecode.c.h; path = Category.h; sourceTree = "<group>"; };
		387885CA1FC74F6A001CC281 /* Category.m */ = {isa = PBXFileReference; lastKnownFileType = sourcecode.c.objc; path = Category.m; sourceTree = "<group>"; };
		387885CC1FC74FB2001CC281 /* Poi.h */ = {isa = PBXFileReference; lastKnownFileType = sourcecode.c.h; path = Poi.h; sourceTree = "<group>"; };
		387885CD1FC74FB2001CC281 /* Poi.m */ = {isa = PBXFileReference; lastKnownFileType = sourcecode.c.objc; path = Poi.m; sourceTree = "<group>"; };
		387885CF1FC74FE6001CC281 /* User.h */ = {isa = PBXFileReference; lastKnownFileType = sourcecode.c.h; path = User.h; sourceTree = "<group>"; };
		387885D01FC74FE6001CC281 /* User.m */ = {isa = PBXFileReference; lastKnownFileType = sourcecode.c.objc; path = User.m; sourceTree = "<group>"; };
		387885D21FC754BC001CC281 /* NSObject+GetDictionary.m */ = {isa = PBXFileReference; lastKnownFileType = sourcecode.c.objc; path = "NSObject+GetDictionary.m"; sourceTree = "<group>"; };
		387885D31FC754BD001CC281 /* NSObject+GetDictionary.h */ = {isa = PBXFileReference; lastKnownFileType = sourcecode.c.h; path = "NSObject+GetDictionary.h"; sourceTree = "<group>"; };
		387885D51FC756DE001CC281 /* JSONParser.h */ = {isa = PBXFileReference; lastKnownFileType = sourcecode.c.h; path = JSONParser.h; sourceTree = "<group>"; };
		387885D61FC756DE001CC281 /* JSONParser.m */ = {isa = PBXFileReference; lastKnownFileType = sourcecode.c.objc; path = JSONParser.m; sourceTree = "<group>"; };
		38C54F511F92AFD0003A2F19 /* FavoritesViewController.h */ = {isa = PBXFileReference; lastKnownFileType = sourcecode.c.h; path = FavoritesViewController.h; sourceTree = "<group>"; };
		38C54F521F92AFD0003A2F19 /* FavoritesViewController.m */ = {isa = PBXFileReference; lastKnownFileType = sourcecode.c.objc; path = FavoritesViewController.m; sourceTree = "<group>"; };
		38C54F541F92B16A003A2F19 /* ParentViewController.m */ = {isa = PBXFileReference; lastKnownFileType = sourcecode.c.objc; path = ParentViewController.m; sourceTree = "<group>"; };
		38C54F551F92B16B003A2F19 /* ParentViewController.h */ = {isa = PBXFileReference; lastKnownFileType = sourcecode.c.h; path = ParentViewController.h; sourceTree = "<group>"; };
		38C54F571F92B30D003A2F19 /* MapKit.framework */ = {isa = PBXFileReference; lastKnownFileType = wrapper.framework; name = MapKit.framework; path = System/Library/Frameworks/MapKit.framework; sourceTree = SDKROOT; };
		38C54F591F92B67A003A2F19 /* ShadowView.h */ = {isa = PBXFileReference; lastKnownFileType = sourcecode.c.h; path = ShadowView.h; sourceTree = "<group>"; };
		38C54F5A1F92B67B003A2F19 /* ShadowView.m */ = {isa = PBXFileReference; lastKnownFileType = sourcecode.c.objc; path = ShadowView.m; sourceTree = "<group>"; };
		38C54F5B1F92B78A003A2F19 /* UIView+Shadow.h */ = {isa = PBXFileReference; lastKnownFileType = sourcecode.c.h; path = "UIView+Shadow.h"; sourceTree = "<group>"; };
		38C54F5C1F92B78A003A2F19 /* UIView+Shadow.m */ = {isa = PBXFileReference; lastKnownFileType = sourcecode.c.objc; path = "UIView+Shadow.m"; sourceTree = "<group>"; };
		38C54F6B1F92B8D0003A2F19 /* ErrorMessage.m */ = {isa = PBXFileReference; lastKnownFileType = sourcecode.c.objc; path = ErrorMessage.m; sourceTree = "<group>"; };
		38C54F6C1F92B8D0003A2F19 /* ErrorMessage.h */ = {isa = PBXFileReference; lastKnownFileType = sourcecode.c.h; path = ErrorMessage.h; sourceTree = "<group>"; };
		4110AA52BC609D13EF5D50EA /* Pods-POIapp.release.xcconfig */ = {isa = PBXFileReference; includeInIndex = 1; lastKnownFileType = text.xcconfig; name = "Pods-POIapp.release.xcconfig"; path = "Pods/Target Support Files/Pods-POIapp/Pods-POIapp.release.xcconfig"; sourceTree = "<group>"; };
		7BCD80552B918B5F3F7A2F76 /* libPods-POIapp.a */ = {isa = PBXFileReference; explicitFileType = archive.ar; includeInIndex = 0; path = "libPods-POIapp.a"; sourceTree = BUILT_PRODUCTS_DIR; };
		C403D092F33CD964FED18827 /* Pods-POIapp.debug.xcconfig */ = {isa = PBXFileReference; includeInIndex = 1; lastKnownFileType = text.xcconfig; name = "Pods-POIapp.debug.xcconfig"; path = "Pods/Target Support Files/Pods-POIapp/Pods-POIapp.debug.xcconfig"; sourceTree = "<group>"; };
/* End PBXFileReference section */

/* Begin PBXFrameworksBuildPhase section */
		380014421F92900000A346F6 /* Frameworks */ = {
			isa = PBXFrameworksBuildPhase;
			buildActionMask = 2147483647;
			files = (
				38C54F581F92B30D003A2F19 /* MapKit.framework in Frameworks */,
				2E63DD2BE58AD0E5D6A94E6E /* libPods-POIapp.a in Frameworks */,
			);
			runOnlyForDeploymentPostprocessing = 0;
		};
/* End PBXFrameworksBuildPhase section */

/* Begin PBXGroup section */
		02CAE7B887EEAC8AD98D7EAE /* Pods */ = {
			isa = PBXGroup;
			children = (
				C403D092F33CD964FED18827 /* Pods-POIapp.debug.xcconfig */,
				4110AA52BC609D13EF5D50EA /* Pods-POIapp.release.xcconfig */,
			);
			name = Pods;
			sourceTree = "<group>";
		};
		0B3ABD3036A00E1647C6EFBA /* Frameworks */ = {
			isa = PBXGroup;
			children = (
				38C54F571F92B30D003A2F19 /* MapKit.framework */,
				7BCD80552B918B5F3F7A2F76 /* libPods-POIapp.a */,
			);
			name = Frameworks;
			sourceTree = "<group>";
		};
		3800143C1F928FFF00A346F6 = {
			isa = PBXGroup;
			children = (
				380014471F92900000A346F6 /* POIapp */,
				380014461F92900000A346F6 /* Products */,
				02CAE7B887EEAC8AD98D7EAE /* Pods */,
				0B3ABD3036A00E1647C6EFBA /* Frameworks */,
			);
			sourceTree = "<group>";
		};
		380014461F92900000A346F6 /* Products */ = {
			isa = PBXGroup;
			children = (
				380014451F92900000A346F6 /* POIapp.app */,
			);
			name = Products;
			sourceTree = "<group>";
		};
		380014471F92900000A346F6 /* POIapp */ = {
			isa = PBXGroup;
			children = (
				380014481F92900000A346F6 /* AppDelegate.h */,
				380014491F92900000A346F6 /* AppDelegate.m */,
				380014701F92977800A346F6 /* MyConstants.h */,
				3800146F1F92977700A346F6 /* MyConstants.m */,
				3800148A1F92A88100A346F6 /* Cells */,
				380014841F92A0C900A346F6 /* View */,
				3800146C1F92970B00A346F6 /* Extensions */,
				380014631F9296A200A346F6 /* Models */,
				380014621F92969B00A346F6 /* Managers */,
				380014611F92969100A346F6 /* VCs */,
				3800144E1F92900000A346F6 /* Main.storyboard */,
				380014541F92900000A346F6 /* Assets.xcassets */,
				380014561F92900000A346F6 /* LaunchScreen.storyboard */,
				380014591F92900000A346F6 /* Info.plist */,
				3800145A1F92900000A346F6 /* main.m */,
				380014511F92900000A346F6 /* POIapp.xcdatamodeld */,
			);
			path = POIapp;
			sourceTree = "<group>";
		};
		380014611F92969100A346F6 /* VCs */ = {
			isa = PBXGroup;
			children = (
				38C54F551F92B16B003A2F19 /* ParentViewController.h */,
				38C54F541F92B16A003A2F19 /* ParentViewController.m */,
				380014721F92989900A346F6 /* LoginViewController.h */,
				380014731F92989900A346F6 /* LoginViewController.m */,
				380014751F9298D700A346F6 /* RegistrationViewController.h */,
				380014761F9298D700A346F6 /* RegistrationViewController.m */,
				380014781F92990F00A346F6 /* CategoryViewController.h */,
				380014791F92990F00A346F6 /* CategoryViewController.m */,
				3800147B1F92991C00A346F6 /* PoiListViewController.h */,
				3800147C1F92991C00A346F6 /* PoiListViewController.m */,
				3800147E1F92992700A346F6 /* POIDetailViewController.h */,
				3800147F1F92992700A346F6 /* POIDetailViewController.m */,
				380014871F92A1E400A346F6 /* MainViewController.h */,
				380014881F92A1E400A346F6 /* MainViewController.m */,
				38C54F511F92AFD0003A2F19 /* FavoritesViewController.h */,
				38C54F521F92AFD0003A2F19 /* FavoritesViewController.m */,
			);
			path = VCs;
			sourceTree = "<group>";
		};
		380014621F92969B00A346F6 /* Managers */ = {
			isa = PBXGroup;
			children = (
				3800146A1F92970300A346F6 /* AccessTokenManager.h */,
				3800146B1F92970300A346F6 /* AccessTokenManager.m */,
				380014691F9296F800A346F6 /* NetworkManager.h */,
				380014681F9296F800A346F6 /* NetworkManager.m */,
				380014641F9296E000A346F6 /* PropertyUtil.h */,
				380014651F9296E000A346F6 /* PropertyUtil.m */,
				387885D51FC756DE001CC281 /* JSONParser.h */,
				387885D61FC756DE001CC281 /* JSONParser.m */,
			);
			path = Managers;
			sourceTree = "<group>";
		};
		380014631F9296A200A346F6 /* Models */ = {
			isa = PBXGroup;
			children = (
				38C54F6C1F92B8D0003A2F19 /* ErrorMessage.h */,
				38C54F6B1F92B8D0003A2F19 /* ErrorMessage.m */,
				387885C91FC74F6A001CC281 /* Category.h */,
				387885CA1FC74F6A001CC281 /* Category.m */,
				387885CC1FC74FB2001CC281 /* Poi.h */,
				387885CD1FC74FB2001CC281 /* Poi.m */,
				387885CF1FC74FE6001CC281 /* User.h */,
				387885D01FC74FE6001CC281 /* User.m */,
			);
			path = Models;
			sourceTree = "<group>";
		};
		3800146C1F92970B00A346F6 /* Extensions */ = {
			isa = PBXGroup;
			children = (
				387885D31FC754BD001CC281 /* NSObject+GetDictionary.h */,
				387885D21FC754BC001CC281 /* NSObject+GetDictionary.m */,
				38C54F5B1F92B78A003A2F19 /* UIView+Shadow.h */,
				38C54F5C1F92B78A003A2F19 /* UIView+Shadow.m */,
				3800146D1F92971C00A346F6 /* UIViewController+Alerts.h */,
				3800146E1F92971C00A346F6 /* UIViewController+Alerts.m */,
			);
			path = Extensions;
			sourceTree = "<group>";
		};
		380014841F92A0C900A346F6 /* View */ = {
			isa = PBXGroup;
			children = (
				38C54F591F92B67A003A2F19 /* ShadowView.h */,
				38C54F5A1F92B67B003A2F19 /* ShadowView.m */,
				380014861F92A0D400A346F6 /* CenterAlignedImageButton.h */,
				380014851F92A0D400A346F6 /* CenterAlignedImageButton.m */,
			);
			path = View;
			sourceTree = "<group>";
		};
		3800148A1F92A88100A346F6 /* Cells */ = {
			isa = PBXGroup;
			children = (
				3800148B1F92A89A00A346F6 /* CategoryCell.h */,
				3800148C1F92A89A00A346F6 /* CategoryCell.m */,
				3800148E1F92A8B500A346F6 /* POICell.h */,
				3800148F1F92A8B500A346F6 /* POICell.m */,
			);
			path = Cells;
			sourceTree = "<group>";
		};
/* End PBXGroup section */

/* Begin PBXNativeTarget section */
		380014441F92900000A346F6 /* POIapp */ = {
			isa = PBXNativeTarget;
			buildConfigurationList = 3800145E1F92900000A346F6 /* Build configuration list for PBXNativeTarget "POIapp" */;
			buildPhases = (
				4E5063DA401E13592592E105 /* [CP] Check Pods Manifest.lock */,
				380014411F92900000A346F6 /* Sources */,
				380014421F92900000A346F6 /* Frameworks */,
				380014431F92900000A346F6 /* Resources */,
				984B4FF15BFFA4A7213F0C58 /* [CP] Embed Pods Frameworks */,
				418C8177939C481A79C936D4 /* [CP] Copy Pods Resources */,
			);
			buildRules = (
			);
			dependencies = (
			);
			name = POIapp;
			productName = POIapp;
			productReference = 380014451F92900000A346F6 /* POIapp.app */;
			productType = "com.apple.product-type.application";
		};
/* End PBXNativeTarget section */

/* Begin PBXProject section */
		3800143D1F928FFF00A346F6 /* Project object */ = {
			isa = PBXProject;
			attributes = {
				LastUpgradeCheck = 0900;
				ORGANIZATIONNAME = MyITSolver;
				TargetAttributes = {
					380014441F92900000A346F6 = {
						CreatedOnToolsVersion = 9.0;
						ProvisioningStyle = Automatic;
					};
				};
			};
			buildConfigurationList = 380014401F928FFF00A346F6 /* Build configuration list for PBXProject "POIapp" */;
			compatibilityVersion = "Xcode 8.0";
			developmentRegion = en;
			hasScannedForEncodings = 0;
			knownRegions = (
				en,
				Base,
			);
			mainGroup = 3800143C1F928FFF00A346F6;
			productRefGroup = 380014461F92900000A346F6 /* Products */;
			projectDirPath = "";
			projectRoot = "";
			targets = (
				380014441F92900000A346F6 /* POIapp */,
			);
		};
/* End PBXProject section */

/* Begin PBXResourcesBuildPhase section */
		380014431F92900000A346F6 /* Resources */ = {
			isa = PBXResourcesBuildPhase;
			buildActionMask = 2147483647;
			files = (
				380014581F92900000A346F6 /* LaunchScreen.storyboard in Resources */,
				380014551F92900000A346F6 /* Assets.xcassets in Resources */,
				380014501F92900000A346F6 /* Main.storyboard in Resources */,
			);
			runOnlyForDeploymentPostprocessing = 0;
		};
/* End PBXResourcesBuildPhase section */

/* Begin PBXShellScriptBuildPhase section */
		418C8177939C481A79C936D4 /* [CP] Copy Pods Resources */ = {
			isa = PBXShellScriptBuildPhase;
			buildActionMask = 2147483647;
			files = (
			);
			inputPaths = (
			);
			name = "[CP] Copy Pods Resources";
			outputPaths = (
			);
			runOnlyForDeploymentPostprocessing = 0;
			shellPath = /bin/sh;
			shellScript = "\"${SRCROOT}/Pods/Target Support Files/Pods-POIapp/Pods-POIapp-resources.sh\"\n";
			showEnvVarsInLog = 0;
		};
		4E5063DA401E13592592E105 /* [CP] Check Pods Manifest.lock */ = {
			isa = PBXShellScriptBuildPhase;
			buildActionMask = 2147483647;
			files = (
			);
			inputPaths = (
			);
			name = "[CP] Check Pods Manifest.lock";
			outputPaths = (
			);
			runOnlyForDeploymentPostprocessing = 0;
			shellPath = /bin/sh;
			shellScript = "diff \"${PODS_ROOT}/../Podfile.lock\" \"${PODS_ROOT}/Manifest.lock\" > /dev/null\nif [ $? != 0 ] ; then\n    # print error to STDERR\n    echo \"error: The sandbox is not in sync with the Podfile.lock. Run 'pod install' or update your CocoaPods installation.\" >&2\n    exit 1\nfi\n";
			showEnvVarsInLog = 0;
		};
		984B4FF15BFFA4A7213F0C58 /* [CP] Embed Pods Frameworks */ = {
			isa = PBXShellScriptBuildPhase;
			buildActionMask = 2147483647;
			files = (
			);
			inputPaths = (
			);
			name = "[CP] Embed Pods Frameworks";
			outputPaths = (
			);
			runOnlyForDeploymentPostprocessing = 0;
			shellPath = /bin/sh;
			shellScript = "\"${SRCROOT}/Pods/Target Support Files/Pods-POIapp/Pods-POIapp-frameworks.sh\"\n";
			showEnvVarsInLog = 0;
		};
/* End PBXShellScriptBuildPhase section */

/* Begin PBXSourcesBuildPhase section */
		380014411F92900000A346F6 /* Sources */ = {
			isa = PBXSourcesBuildPhase;
			buildActionMask = 2147483647;
			files = (
				387885D11FC74FE6001CC281 /* User.m in Sources */,
				387885CE1FC74FB2001CC281 /* Poi.m in Sources */,
				38C54F6D1F92B8E9003A2F19 /* ErrorMessage.m in Sources */,
				38C54F661F92B81C003A2F19 /* AccessTokenManager.m in Sources */,
				387885D41FC754BD001CC281 /* NSObject+GetDictionary.m in Sources */,
				38C54F671F92B81C003A2F19 /* NetworkManager.m in Sources */,
				38C54F681F92B81C003A2F19 /* PropertyUtil.m in Sources */,
				38C54F621F92B80E003A2F19 /* ShadowView.m in Sources */,
				38C54F631F92B80E003A2F19 /* CenterAlignedImageButton.m in Sources */,
				38C54F641F92B80E003A2F19 /* UIView+Shadow.m in Sources */,
				38C54F651F92B80E003A2F19 /* UIViewController+Alerts.m in Sources */,
				387885CB1FC74F6A001CC281 /* Category.m in Sources */,
				380014891F92A1E500A346F6 /* MainViewController.m in Sources */,
				3800147A1F92990F00A346F6 /* CategoryViewController.m in Sources */,
				38C54F561F92B16B003A2F19 /* ParentViewController.m in Sources */,
				38C54F531F92AFD0003A2F19 /* FavoritesViewController.m in Sources */,
				3800147D1F92991C00A346F6 /* PoiListViewController.m in Sources */,
				3800144A1F92900000A346F6 /* AppDelegate.m in Sources */,
				380014741F92989900A346F6 /* LoginViewController.m in Sources */,
				380014711F92977800A346F6 /* MyConstants.m in Sources */,
				380014801F92992700A346F6 /* POIDetailViewController.m in Sources */,
				3800148D1F92A89B00A346F6 /* CategoryCell.m in Sources */,
				3800145B1F92900000A346F6 /* main.m in Sources */,
				387885D71FC756DE001CC281 /* JSONParser.m in Sources */,
				380014901F92A8B500A346F6 /* POICell.m in Sources */,
				380014531F92900000A346F6 /* POIapp.xcdatamodeld in Sources */,
				380014771F9298D700A346F6 /* RegistrationViewController.m in Sources */,
			);
			runOnlyForDeploymentPostprocessing = 0;
		};
/* End PBXSourcesBuildPhase section */

/* Begin PBXVariantGroup section */
		3800144E1F92900000A346F6 /* Main.storyboard */ = {
			isa = PBXVariantGroup;
			children = (
				3800144F1F92900000A346F6 /* Base */,
			);
			name = Main.storyboard;
			sourceTree = "<group>";
		};
		380014561F92900000A346F6 /* LaunchScreen.storyboard */ = {
			isa = PBXVariantGroup;
			children = (
				380014571F92900000A346F6 /* Base */,
			);
			name = LaunchScreen.storyboard;
			sourceTree = "<group>";
		};
/* End PBXVariantGroup section */

/* Begin XCBuildConfiguration section */
		3800145C1F92900000A346F6 /* Debug */ = {
			isa = XCBuildConfiguration;
			buildSettings = {
				ALWAYS_SEARCH_USER_PATHS = NO;
				CLANG_ANALYZER_NONNULL = YES;
				CLANG_ANALYZER_NUMBER_OBJECT_CONVERSION = YES_AGGRESSIVE;
				CLANG_CXX_LANGUAGE_STANDARD = "gnu++14";
				CLANG_CXX_LIBRARY = "libc++";
				CLANG_ENABLE_MODULES = YES;
				CLANG_ENABLE_OBJC_ARC = YES;
				CLANG_WARN_BLOCK_CAPTURE_AUTORELEASING = YES;
				CLANG_WARN_BOOL_CONVERSION = YES;
				CLANG_WARN_COMMA = YES;
				CLANG_WARN_CONSTANT_CONVERSION = YES;
				CLANG_WARN_DIRECT_OBJC_ISA_USAGE = YES_ERROR;
				CLANG_WARN_DOCUMENTATION_COMMENTS = YES;
				CLANG_WARN_EMPTY_BODY = YES;
				CLANG_WARN_ENUM_CONVERSION = YES;
				CLANG_WARN_INFINITE_RECURSION = YES;
				CLANG_WARN_INT_CONVERSION = YES;
				CLANG_WARN_NON_LITERAL_NULL_CONVERSION = YES;
				CLANG_WARN_OBJC_LITERAL_CONVERSION = YES;
				CLANG_WARN_OBJC_ROOT_CLASS = YES_ERROR;
				CLANG_WARN_RANGE_LOOP_ANALYSIS = YES;
				CLANG_WARN_STRICT_PROTOTYPES = YES;
				CLANG_WARN_SUSPICIOUS_MOVE = YES;
				CLANG_WARN_UNGUARDED_AVAILABILITY = YES_AGGRESSIVE;
				CLANG_WARN_UNREACHABLE_CODE = YES;
				CLANG_WARN__DUPLICATE_METHOD_MATCH = YES;
				CODE_SIGN_IDENTITY = "iPhone Developer";
				COPY_PHASE_STRIP = NO;
				DEBUG_INFORMATION_FORMAT = dwarf;
				ENABLE_STRICT_OBJC_MSGSEND = YES;
				ENABLE_TESTABILITY = YES;
				GCC_C_LANGUAGE_STANDARD = gnu11;
				GCC_DYNAMIC_NO_PIC = NO;
				GCC_NO_COMMON_BLOCKS = YES;
				GCC_OPTIMIZATION_LEVEL = 0;
				GCC_PREPROCESSOR_DEFINITIONS = (
					"DEBUG=1",
					"$(inherited)",
				);
				GCC_WARN_64_TO_32_BIT_CONVERSION = YES;
				GCC_WARN_ABOUT_RETURN_TYPE = YES_ERROR;
				GCC_WARN_UNDECLARED_SELECTOR = YES;
				GCC_WARN_UNINITIALIZED_AUTOS = YES_AGGRESSIVE;
				GCC_WARN_UNUSED_FUNCTION = YES;
				GCC_WARN_UNUSED_VARIABLE = YES;
				IPHONEOS_DEPLOYMENT_TARGET = 11.0;
				MTL_ENABLE_DEBUG_INFO = YES;
				ONLY_ACTIVE_ARCH = YES;
				SDKROOT = iphoneos;
			};
			name = Debug;
		};
		3800145D1F92900000A346F6 /* Release */ = {
			isa = XCBuildConfiguration;
			buildSettings = {
				ALWAYS_SEARCH_USER_PATHS = NO;
				CLANG_ANALYZER_NONNULL = YES;
				CLANG_ANALYZER_NUMBER_OBJECT_CONVERSION = YES_AGGRESSIVE;
				CLANG_CXX_LANGUAGE_STANDARD = "gnu++14";
				CLANG_CXX_LIBRARY = "libc++";
				CLANG_ENABLE_MODULES = YES;
				CLANG_ENABLE_OBJC_ARC = YES;
				CLANG_WARN_BLOCK_CAPTURE_AUTORELEASING = YES;
				CLANG_WARN_BOOL_CONVERSION = YES;
				CLANG_WARN_COMMA = YES;
				CLANG_WARN_CONSTANT_CONVERSION = YES;
				CLANG_WARN_DIRECT_OBJC_ISA_USAGE = YES_ERROR;
				CLANG_WARN_DOCUMENTATION_COMMENTS = YES;
				CLANG_WARN_EMPTY_BODY = YES;
				CLANG_WARN_ENUM_CONVERSION = YES;
				CLANG_WARN_INFINITE_RECURSION = YES;
				CLANG_WARN_INT_CONVERSION = YES;
				CLANG_WARN_NON_LITERAL_NULL_CONVERSION = YES;
				CLANG_WARN_OBJC_LITERAL_CONVERSION = YES;
				CLANG_WARN_OBJC_ROOT_CLASS = YES_ERROR;
				CLANG_WARN_RANGE_LOOP_ANALYSIS = YES;
				CLANG_WARN_STRICT_PROTOTYPES = YES;
				CLANG_WARN_SUSPICIOUS_MOVE = YES;
				CLANG_WARN_UNGUARDED_AVAILABILITY = YES_AGGRESSIVE;
				CLANG_WARN_UNREACHABLE_CODE = YES;
				CLANG_WARN__DUPLICATE_METHOD_MATCH = YES;
				CODE_SIGN_IDENTITY = "iPhone Developer";
				COPY_PHASE_STRIP = NO;
				DEBUG_INFORMATION_FORMAT = "dwarf-with-dsym";
				ENABLE_NS_ASSERTIONS = NO;
				ENABLE_STRICT_OBJC_MSGSEND = YES;
				GCC_C_LANGUAGE_STANDARD = gnu11;
				GCC_NO_COMMON_BLOCKS = YES;
				GCC_WARN_64_TO_32_BIT_CONVERSION = YES;
				GCC_WARN_ABOUT_RETURN_TYPE = YES_ERROR;
				GCC_WARN_UNDECLARED_SELECTOR = YES;
				GCC_WARN_UNINITIALIZED_AUTOS = YES_AGGRESSIVE;
				GCC_WARN_UNUSED_FUNCTION = YES;
				GCC_WARN_UNUSED_VARIABLE = YES;
				IPHONEOS_DEPLOYMENT_TARGET = 11.0;
				MTL_ENABLE_DEBUG_INFO = NO;
				SDKROOT = iphoneos;
				VALIDATE_PRODUCT = YES;
			};
			name = Release;
		};
		3800145F1F92900000A346F6 /* Debug */ = {
			isa = XCBuildConfiguration;
			baseConfigurationReference = C403D092F33CD964FED18827 /* Pods-POIapp.debug.xcconfig */;
			buildSettings = {
				ASSETCATALOG_COMPILER_APPICON_NAME = AppIcon;
				CODE_SIGN_STYLE = Automatic;
				DEVELOPMENT_TEAM = T3YE797X8H;
				INFOPLIST_FILE = POIapp/Info.plist;
				IPHONEOS_DEPLOYMENT_TARGET = 10.0;
				LD_RUNPATH_SEARCH_PATHS = "$(inherited) @executable_path/Frameworks";
				PRODUCT_BUNDLE_IDENTIFIER = com.softwarearchitecture.POIapp;
				PRODUCT_NAME = "$(TARGET_NAME)";
				TARGETED_DEVICE_FAMILY = "1,2";
			};
			name = Debug;
		};
		380014601F92900000A346F6 /* Release */ = {
			isa = XCBuildConfiguration;
			baseConfigurationReference = 4110AA52BC609D13EF5D50EA /* Pods-POIapp.release.xcconfig */;
			buildSettings = {
				ASSETCATALOG_COMPILER_APPICON_NAME = AppIcon;
				CODE_SIGN_STYLE = Automatic;
				DEVELOPMENT_TEAM = T3YE797X8H;
				INFOPLIST_FILE = POIapp/Info.plist;
				IPHONEOS_DEPLOYMENT_TARGET = 10.0;
				LD_RUNPATH_SEARCH_PATHS = "$(inherited) @executable_path/Frameworks";
				PRODUCT_BUNDLE_IDENTIFIER = com.softwarearchitecture.POIapp;
				PRODUCT_NAME = "$(TARGET_NAME)";
				TARGETED_DEVICE_FAMILY = "1,2";
			};
			name = Release;
		};
/* End XCBuildConfiguration section */

/* Begin XCConfigurationList section */
		380014401F928FFF00A346F6 /* Build configuration list for PBXProject "POIapp" */ = {
			isa = XCConfigurationList;
			buildConfigurations = (
				3800145C1F92900000A346F6 /* Debug */,
				3800145D1F92900000A346F6 /* Release */,
			);
			defaultConfigurationIsVisible = 0;
			defaultConfigurationName = Release;
		};
		3800145E1F92900000A346F6 /* Build configuration list for PBXNativeTarget "POIapp" */ = {
			isa = XCConfigurationList;
			buildConfigurations = (
				3800145F1F92900000A346F6 /* Debug */,
				380014601F92900000A346F6 /* Release */,
			);
			defaultConfigurationIsVisible = 0;
			defaultConfigurationName = Release;
		};
/* End XCConfigurationList section */

/* Begin XCVersionGroup section */
		380014511F92900000A346F6 /* POIapp.xcdatamodeld */ = {
			isa = XCVersionGroup;
			children = (
				380014521F92900000A346F6 /* POIapp.xcdatamodel */,
			);
			currentVersion = 380014521F92900000A346F6 /* POIapp.xcdatamodel */;
			path = POIapp.xcdatamodeld;
			sourceTree = "<group>";
			versionGroupType = wrapper.xcdatamodel;
		};
/* End XCVersionGroup section */
	};
	rootObject = 3800143D1F928FFF00A346F6 /* Project object */;
}
